
Microsoft Visual Studio Solution File, Format Version 12.00
# Visual Studio 2013
VisualStudioVersion = 12.0.40629.0
MinimumVisualStudioVersion = 10.0.40219.1
Project("{FAE04EC0-301F-11D3-BF4B-00C04F79EFBC}") = "Tamagotchi", "Tamagotchi\Tamagotchi.csproj", "{50C63311-A575-443B-9AC9-9948269F1C05}"
EndProject
Project("{FAE04EC0-301F-11D3-BF4B-00C04F79EFBC}") = "TamagotchiWeb", "TamagotchiWeb\TamagotchiWeb.csproj", "{A4347170-4DEC-4A52-B4D7-A791AC1F6FBF}"
EndProject
Project("{FAE04EC0-301F-11D3-BF4B-00C04F79EFBC}") = "TamagotchiWeb.Tests", "TamagotchiWeb.Tests\TamagotchiWeb.Tests.csproj", "{62187578-6932-487B-82B9-850693963623}"
EndProject
Project("{FAE04EC0-301F-11D3-BF4B-00C04F79EFBC}") = "TamagotchiService", "Tamagotchi WCF\TamagotchiService.csproj", "{E6CCD007-41DF-46A8-AFD1-AFFDEA95EAC7}"
EndProject
Project("{FAE04EC0-301F-11D3-BF4B-00C04F79EFBC}") = "TamagotchiConsole", "TamagotchiConsole\TamagotchiConsole.csproj", "{12EFD68D-30A0-410F-A60F-896E885E2958}"
	ProjectSection(ProjectDependencies) = postProject
		{E6CCD007-41DF-46A8-AFD1-AFFDEA95EAC7} = {E6CCD007-41DF-46A8-AFD1-AFFDEA95EAC7}
	EndProjectSection
EndProject
Global
	GlobalSection(SolutionConfigurationPlatforms) = preSolution
		Debug|Any CPU = Debug|Any CPU
		Release|Any CPU = Release|Any CPU
	EndGlobalSection
	GlobalSection(ProjectConfigurationPlatforms) = postSolution
		{50C63311-A575-443B-9AC9-9948269F1C05}.Debug|Any CPU.ActiveCfg = Debug|Any CPU
		{50C63311-A575-443B-9AC9-9948269F1C05}.Debug|Any CPU.Build.0 = Debug|Any CPU
		{50C63311-A575-443B-9AC9-9948269F1C05}.Release|Any CPU.ActiveCfg = Release|Any CPU
		{50C63311-A575-443B-9AC9-9948269F1C05}.Release|Any CPU.Build.0 = Release|Any CPU
		{A4347170-4DEC-4A52-B4D7-A791AC1F6FBF}.Debug|Any CPU.ActiveCfg = Debug|Any CPU
		{A4347170-4DEC-4A52-B4D7-A791AC1F6FBF}.Debug|Any CPU.Build.0 = Debug|Any CPU
		{A4347170-4DEC-4A52-B4D7-A791AC1F6FBF}.Release|Any CPU.ActiveCfg = Release|Any CPU
		{A4347170-4DEC-4A52-B4D7-A791AC1F6FBF}.Release|Any CPU.Build.0 = Release|Any CPU
		{62187578-6932-487B-82B9-850693963623}.Debug|Any CPU.ActiveCfg = Debug|Any CPU
		{62187578-6932-487B-82B9-850693963623}.Debug|Any CPU.Build.0 = Debug|Any CPU
		{62187578-6932-487B-82B9-850693963623}.Release|Any CPU.ActiveCfg = Release|Any CPU
		{62187578-6932-487B-82B9-850693963623}.Release|Any CPU.Build.0 = Release|Any CPU
		{E6CCD007-41DF-46A8-AFD1-AFFDEA95EAC7}.Debug|Any CPU.ActiveCfg = Debug|Any CPU
		{E6CCD007-41DF-46A8-AFD1-AFFDEA95EAC7}.Debug|Any CPU.Build.0 = Debug|Any CPU
		{E6CCD007-41DF-46A8-AFD1-AFFDEA95EAC7}.Release|Any CPU.ActiveCfg = Release|Any CPU
		{E6CCD007-41DF-46A8-AFD1-AFFDEA95EAC7}.Release|Any CPU.Build.0 = Release|Any CPU
		{12EFD68D-30A0-410F-A60F-896E885E2958}.Debug|Any CPU.ActiveCfg = Debug|Any CPU
		{12EFD68D-30A0-410F-A60F-896E885E2958}.Debug|Any CPU.Build.0 = Debug|Any CPU
		{12EFD68D-30A0-410F-A60F-896E885E2958}.Release|Any CPU.ActiveCfg = Release|Any CPU
		{12EFD68D-30A0-410F-A60F-896E885E2958}.Release|Any CPU.Build.0 = Release|Any CPU
	EndGlobalSection
	GlobalSection(SolutionProperties) = preSolution
		HideSolutionNode = FALSE
	EndGlobalSection
EndGlobal
